
Microsoft Visual Studio Solution File, Format Version 12.00
# Visual Studio Version 17
VisualStudioVersion = 17.9.34622.214
MinimumVisualStudioVersion = 10.0.40219.1
Project("{2150E333-8FDC-42A3-9474-1A3956D46DE8}") = "Core", "Core", "{13A2EAAE-0C6F-4E81-A202-330D2BED87EF}"
EndProject
Project("{2150E333-8FDC-42A3-9474-1A3956D46DE8}") = "Application", "Application", "{48456702-E9EE-4D2E-9806-A0022FF9F3C0}"
EndProject
Project("{2150E333-8FDC-42A3-9474-1A3956D46DE8}") = "Domain", "Domain", "{47C97FAB-6AF4-481E-B27D-6CE377F52A56}"
EndProject
Project("{2150E333-8FDC-42A3-9474-1A3956D46DE8}") = "API", "API", "{6A952B57-B006-46EF-90C2-38471792316E}"
EndProject
Project("{FAE04EC0-301F-11D3-BF4B-00C04F79EFBC}") = "Catan.API", "Catan.API\Catan.API.csproj", "{816583D8-0065-4D32-AA96-521FA1C6C76D}"
EndProject
Project("{2150E333-8FDC-42A3-9474-1A3956D46DE8}") = "Infrastructure", "Infrastructure", "{CC004A4D-1077-4490-BDC5-790013BDFB31}"
EndProject
Project("{FAE04EC0-301F-11D3-BF4B-00C04F79EFBC}") = "Catan.Infrastructure", "Catan.Infrastructure\Catan.Infrastructure.csproj", "{E69E3CFF-AA2B-424C-82AF-BD45AB4F2EEC}"
EndProject
Project("{FAE04EC0-301F-11D3-BF4B-00C04F79EFBC}") = "Catan.Application", "Catan.Application\Catan.Application.csproj", "{39EEC734-E4D9-4B27-BFD5-74A59B270FDC}"
EndProject
Project("{FAE04EC0-301F-11D3-BF4B-00C04F79EFBC}") = "Catan.Domain", "Catan.Domain\Catan.Domain.csproj", "{AA7EEA52-6273-46DA-A3E5-F901DAA4C87F}"
EndProject
Global
	GlobalSection(SolutionConfigurationPlatforms) = preSolution
		Debug|Any CPU = Debug|Any CPU
		Release|Any CPU = Release|Any CPU
	EndGlobalSection
	GlobalSection(ProjectConfigurationPlatforms) = postSolution
		{816583D8-0065-4D32-AA96-521FA1C6C76D}.Debug|Any CPU.ActiveCfg = Debug|Any CPU
		{816583D8-0065-4D32-AA96-521FA1C6C76D}.Debug|Any CPU.Build.0 = Debug|Any CPU
		{816583D8-0065-4D32-AA96-521FA1C6C76D}.Release|Any CPU.ActiveCfg = Release|Any CPU
		{816583D8-0065-4D32-AA96-521FA1C6C76D}.Release|Any CPU.Build.0 = Release|Any CPU
		{E69E3CFF-AA2B-424C-82AF-BD45AB4F2EEC}.Debug|Any CPU.ActiveCfg = Debug|Any CPU
		{E69E3CFF-AA2B-424C-82AF-BD45AB4F2EEC}.Debug|Any CPU.Build.0 = Debug|Any CPU
		{E69E3CFF-AA2B-424C-82AF-BD45AB4F2EEC}.Release|Any CPU.ActiveCfg = Release|Any CPU
		{E69E3CFF-AA2B-424C-82AF-BD45AB4F2EEC}.Release|Any CPU.Build.0 = Release|Any CPU
		{39EEC734-E4D9-4B27-BFD5-74A59B270FDC}.Debug|Any CPU.ActiveCfg = Debug|Any CPU
		{39EEC734-E4D9-4B27-BFD5-74A59B270FDC}.Debug|Any CPU.Build.0 = Debug|Any CPU
		{39EEC734-E4D9-4B27-BFD5-74A59B270FDC}.Release|Any CPU.ActiveCfg = Release|Any CPU
		{39EEC734-E4D9-4B27-BFD5-74A59B270FDC}.Release|Any CPU.Build.0 = Release|Any CPU
		{AA7EEA52-6273-46DA-A3E5-F901DAA4C87F}.Debug|Any CPU.ActiveCfg = Debug|Any CPU
		{AA7EEA52-6273-46DA-A3E5-F901DAA4C87F}.Debug|Any CPU.Build.0 = Debug|Any CPU
		{AA7EEA52-6273-46DA-A3E5-F901DAA4C87F}.Release|Any CPU.ActiveCfg = Release|Any CPU
		{AA7EEA52-6273-46DA-A3E5-F901DAA4C87F}.Release|Any CPU.Build.0 = Release|Any CPU
	EndGlobalSection
	GlobalSection(SolutionProperties) = preSolution
		HideSolutionNode = FALSE
	EndGlobalSection
	GlobalSection(NestedProjects) = preSolution
		{48456702-E9EE-4D2E-9806-A0022FF9F3C0} = {13A2EAAE-0C6F-4E81-A202-330D2BED87EF}
		{47C97FAB-6AF4-481E-B27D-6CE377F52A56} = {13A2EAAE-0C6F-4E81-A202-330D2BED87EF}
		{816583D8-0065-4D32-AA96-521FA1C6C76D} = {6A952B57-B006-46EF-90C2-38471792316E}
		{E69E3CFF-AA2B-424C-82AF-BD45AB4F2EEC} = {CC004A4D-1077-4490-BDC5-790013BDFB31}
		{39EEC734-E4D9-4B27-BFD5-74A59B270FDC} = {48456702-E9EE-4D2E-9806-A0022FF9F3C0}
		{AA7EEA52-6273-46DA-A3E5-F901DAA4C87F} = {47C97FAB-6AF4-481E-B27D-6CE377F52A56}
	EndGlobalSection
	GlobalSection(ExtensibilityGlobals) = postSolution
		SolutionGuid = {920FA4C3-06CA-44A6-B08E-F36B3BC5EB17}
	EndGlobalSection
EndGlobal
