
Microsoft Visual Studio Solution File, Format Version 12.00
# Visual Studio Version 17
VisualStudioVersion = 17.9.34622.214
MinimumVisualStudioVersion = 10.0.40219.1
Project("{9A19103F-16F7-4668-BE54-9A1E7A4F7556}") = "Catan.Infrastructure", "Catan.Infrastructure\Catan.Infrastructure.csproj", "{99AD7023-984F-4983-9AB0-13D633FDB9F8}"
EndProject
Project("{9A19103F-16F7-4668-BE54-9A1E7A4F7556}") = "Catan.API", "Catan.API\Catan.API.csproj", "{421998CE-A3D3-4629-947E-F01A8660DF70}"
EndProject
Project("{9A19103F-16F7-4668-BE54-9A1E7A4F7556}") = "Catan.Application", "Catan.Application\Catan.Application.csproj", "{CC1A4902-D896-4CA8-BD7E-93BBA08868AB}"
EndProject
Project("{9A19103F-16F7-4668-BE54-9A1E7A4F7556}") = "Catan.Domain", "Catan.Domain\Catan.Domain.csproj", "{E9197FDD-2460-4DF9-9646-CB7175AB9BFE}"
EndProject
Global
	GlobalSection(SolutionConfigurationPlatforms) = preSolution
		Debug|Any CPU = Debug|Any CPU
		Release|Any CPU = Release|Any CPU
	EndGlobalSection
	GlobalSection(ProjectConfigurationPlatforms) = postSolution
		{99AD7023-984F-4983-9AB0-13D633FDB9F8}.Debug|Any CPU.ActiveCfg = Debug|Any CPU
		{99AD7023-984F-4983-9AB0-13D633FDB9F8}.Debug|Any CPU.Build.0 = Debug|Any CPU
		{99AD7023-984F-4983-9AB0-13D633FDB9F8}.Release|Any CPU.ActiveCfg = Release|Any CPU
		{99AD7023-984F-4983-9AB0-13D633FDB9F8}.Release|Any CPU.Build.0 = Release|Any CPU
		{421998CE-A3D3-4629-947E-F01A8660DF70}.Debug|Any CPU.ActiveCfg = Debug|Any CPU
		{421998CE-A3D3-4629-947E-F01A8660DF70}.Debug|Any CPU.Build.0 = Debug|Any CPU
		{421998CE-A3D3-4629-947E-F01A8660DF70}.Release|Any CPU.ActiveCfg = Release|Any CPU
		{421998CE-A3D3-4629-947E-F01A8660DF70}.Release|Any CPU.Build.0 = Release|Any CPU
		{CC1A4902-D896-4CA8-BD7E-93BBA08868AB}.Debug|Any CPU.ActiveCfg = Debug|Any CPU
		{CC1A4902-D896-4CA8-BD7E-93BBA08868AB}.Debug|Any CPU.Build.0 = Debug|Any CPU
		{CC1A4902-D896-4CA8-BD7E-93BBA08868AB}.Release|Any CPU.ActiveCfg = Release|Any CPU
		{CC1A4902-D896-4CA8-BD7E-93BBA08868AB}.Release|Any CPU.Build.0 = Release|Any CPU
		{E9197FDD-2460-4DF9-9646-CB7175AB9BFE}.Debug|Any CPU.ActiveCfg = Debug|Any CPU
		{E9197FDD-2460-4DF9-9646-CB7175AB9BFE}.Debug|Any CPU.Build.0 = Debug|Any CPU
		{E9197FDD-2460-4DF9-9646-CB7175AB9BFE}.Release|Any CPU.ActiveCfg = Release|Any CPU
		{E9197FDD-2460-4DF9-9646-CB7175AB9BFE}.Release|Any CPU.Build.0 = Release|Any CPU
	EndGlobalSection
	GlobalSection(SolutionProperties) = preSolution
		HideSolutionNode = FALSE
	EndGlobalSection
	GlobalSection(ExtensibilityGlobals) = postSolution
		SolutionGuid = {D0DE8EC0-C537-40EB-8005-AA97E25F512C}
	EndGlobalSection
EndGlobal
